{
  "name": "elo-league-server",
  "version": "0.0.0",
  "lockfileVersion": 3,
  "requires": true,
  "packages": {
    "": {
      "name": "elo-league-server",
      "version": "0.0.0",
      "dependencies": {
        "dotenv": "^18.0.6",
        "zod": "^3.25.76"
      },
      "engines": {
        "node": ">=20"
      }
    },
    "node_modules/dotenv": {
      "version": "18.0.6",
      "resolved": "https://registry.npmjs.org/dotenv/-/dotenv-18.0.6.tgz",
      "integrity": "sha512-ZMVmohV6CvAJtj++pZNyggluUt6hbRdQAxc2+Z635RL6/AG/ruXv5lHnybUFoxMPL/yrTL/tsF4paZu2l7RA6Q==",
      "license": "BSD-2-Clause",
      "bin": {
        "dotenv": "dist/index.cjs"
      },
      "engines": {
        "node": ">=12"
      },
      "funding": {
        "url": "https://dotenvx.com"
      }
    },
    "node_modules/zod": {
      "version": "3.25.76",
      "resolved": "https://registry.npmjs.org/zod/-/zod-3.25.76.tgz",
      "integrity": "sha512-gzUt/qt81nXsFGKIFcC3YnfEAx5NkunCfnDlvuBSSFS02bcXu4Lmea0AFIUwbLWxWPx3d9p8S5QoaujKcNQxcQ==",
      "license": "MIT",
      "funding": {
        "url": "https://github.com/sponsors/colinhacks"
      }
    }
  }
}
